
Microsoft Visual Studio Solution File, Format Version 12.00
# Visual Studio Version 17
VisualStudioVersion = 17.9.34701.34
MinimumVisualStudioVersion = 10.0.40219.1
Project("{9A19103F-16F7-4668-BE54-9A1E7A4F7556}") = "RSMS", "RSMS\RSMS.csproj", "{3AD0E17E-0349-45CA-9AD0-5D055BA1CE15}"
EndProject
Project("{9A19103F-16F7-4668-BE54-9A1E7A4F7556}") = "Domain", "Domain\Domain.csproj", "{17A2F977-A76B-45F6-A550-ED21072CE8D7}"
EndProject
Global
	GlobalSection(SolutionConfigurationPlatforms) = preSolution
		Debug|Any CPU = Debug|Any CPU
		Release|Any CPU = Release|Any CPU
	EndGlobalSection
	GlobalSection(ProjectConfigurationPlatforms) = postSolution
		{3AD0E17E-0349-45CA-9AD0-5D055BA1CE15}.Debug|Any CPU.ActiveCfg = Debug|Any CPU
		{3AD0E17E-0349-45CA-9AD0-5D055BA1CE15}.Debug|Any CPU.Build.0 = Debug|Any CPU
		{3AD0E17E-0349-45CA-9AD0-5D055BA1CE15}.Release|Any CPU.ActiveCfg = Release|Any CPU
		{3AD0E17E-0349-45CA-9AD0-5D055BA1CE15}.Release|Any CPU.Build.0 = Release|Any CPU
		{17A2F977-A76B-45F6-A550-ED21072CE8D7}.Debug|Any CPU.ActiveCfg = Debug|Any CPU
		{17A2F977-A76B-45F6-A550-ED21072CE8D7}.Debug|Any CPU.Build.0 = Debug|Any CPU
		{17A2F977-A76B-45F6-A550-ED21072CE8D7}.Release|Any CPU.ActiveCfg = Release|Any CPU
		{17A2F977-A76B-45F6-A550-ED21072CE8D7}.Release|Any CPU.Build.0 = Release|Any CPU
	EndGlobalSection
	GlobalSection(SolutionProperties) = preSolution
		HideSolutionNode = FALSE
	EndGlobalSection
	GlobalSection(ExtensibilityGlobals) = postSolution
		SolutionGuid = {59568B7D-0D5D-4FF2-90AE-89A09976B9D7}
	EndGlobalSection
EndGlobal
